// !$*UTF8*$!
{
	archiveVersion = 1;
	classes = {
	};
	objectVersion = 46;
	objects = {

/* Begin PBXBuildFile section */
		AB9AFBAB1D69728200D936FB /* AppDelegate.swift in Sources */ = {isa = PBXBuildFile; fileRef = AB9AFBAA1D69728200D936FB /* AppDelegate.swift */; };
		AB9AFBAD1D69728200D936FB /* ViewController.swift in Sources */ = {isa = PBXBuildFile; fileRef = AB9AFBAC1D69728200D936FB /* ViewController.swift */; };
		AB9AFBB01D69728200D936FB /* Main.storyboard in Resources */ = {isa = PBXBuildFile; fileRef = AB9AFBAE1D69728200D936FB /* Main.storyboard */; };
		AB9AFBB21D69728200D936FB /* Assets.xcassets in Resources */ = {isa = PBXBuildFile; fileRef = AB9AFBB11D69728200D936FB /* Assets.xcassets */; };
		AB9AFBB51D69728200D936FB /* LaunchScreen.storyboard in Resources */ = {isa = PBXBuildFile; fileRef = AB9AFBB31D69728200D936FB /* LaunchScreen.storyboard */; };
/* End PBXBuildFile section */

/* Begin PBXFileReference section */
		AB9AFBA71D69728200D936FB /* LCD_AdsView.app */ = {isa = PBXFileReference; explicitFileType = wrapper.application; includeInIndex = 0; path = LCD_AdsView.app; sourceTree = BUILT_PRODUCTS_DIR; };
		AB9AFBAA1D69728200D936FB /* AppDelegate.swift */ = {isa = PBXFileReference; lastKnownFileType = sourcecode.swift; path = AppDelegate.swift; sourceTree = "<group>"; };
		AB9AFBAC1D69728200D936FB /* ViewController.swift */ = {isa = PBXFileReference; lastKnownFileType = sourcecode.swift; path = ViewController.swift; sourceTree = "<group>"; };
		AB9AFBAF1D69728200D936FB /* Base */ = {isa = PBXFileReference; lastKnownFileType = file.storyboard; name = Base; path = Base.lproj/Main.storyboard; sourceTree = "<group>"; };
		AB9AFBB11D69728200D936FB /* Assets.xcassets */ = {isa = PBXFileReference; lastKnownFileType = folder.assetcatalog; path = Assets.xcassets; sourceTree = "<group>"; };
		AB9AFBB41D69728200D936FB /* Base */ = {isa = PBXFileReference; lastKnownFileType = file.storyboard; name = Base; path = Base.lproj/LaunchScreen.storyboard; sourceTree = "<group>"; };
		AB9AFBB61D69728200D936FB /* Info.plist */ = {isa = PBXFileReference; lastKnownFileType = text.plist.xml; path = Info.plist; sourceTree = "<group>"; };
/* End PBXFileReference section */

/* Begin PBXFrameworksBuildPhase section */
		AB9AFBA41D69728200D936FB /* Frameworks */ = {
			isa = PBXFrameworksBuildPhase;
			buildActionMask = 2147483647;
			files = (
			);
			runOnlyForDeploymentPostprocessing = 0;
		};
/* End PBXFrameworksBuildPhase section */

/* Begin PBXGroup section */
		AB9AFB9E1D69728200D936FB = {
			isa = PBXGroup;
			children = (
				AB9AFBA91D69728200D936FB /* LCD_AdsView */,
				AB9AFBA81D69728200D936FB /* Products */,
			);
			sourceTree = "<group>";
		};
		AB9AFBA81D69728200D936FB /* Products */ = {
			isa = PBXGroup;
			children = (
				AB9AFBA71D69728200D936FB /* LCD_AdsView.app */,
			);
			name = Products;
			sourceTree = "<group>";
		};
		AB9AFBA91D69728200D936FB /* LCD_AdsView */ = {
			isa = PBXGroup;
			children = (
				AB9AFBAA1D69728200D936FB /* AppDelegate.swift */,
				AB9AFBAC1D69728200D936FB /* ViewController.swift */,
				AB9AFBAE1D69728200D936FB /* Main.storyboard */,
				AB9AFBB11D69728200D936FB /* Assets.xcassets */,
				AB9AFBB31D69728200D936FB /* LaunchScreen.storyboard */,
				AB9AFBB61D69728200D936FB /* Info.plist */,
			);
			path = LCD_AdsView;
			sourceTree = "<group>";
		};
/* End PBXGroup section */

/* Begin PBXNativeTarget section */
		AB9AFBA61D69728200D936FB /* LCD_AdsView */ = {
			isa = PBXNativeTarget;
			buildConfigurationList = AB9AFBB91D69728200D936FB /* Build configuration list for PBXNativeTarget "LCD_AdsView" */;
			buildPhases = (
				AB9AFBA31D69728200D936FB /* Sources */,
				AB9AFBA41D69728200D936FB /* Frameworks */,
				AB9AFBA51D69728200D936FB /* Resources */,
			);
			buildRules = (
			);
			dependencies = (
			);
			name = LCD_AdsView;
			productName = LCD_AdsView;
			productReference = AB9AFBA71D69728200D936FB /* LCD_AdsView.app */;
			productType = "com.apple.product-type.application";
		};
/* End PBXNativeTarget section */

/* Begin PBXProject section */
		AB9AFB9F1D69728200D936FB /* Project object */ = {
			isa = PBXProject;
			attributes = {
				LastSwiftUpdateCheck = 0730;
				LastUpgradeCheck = 0730;
				ORGANIZATIONNAME = sifenzi;
				TargetAttributes = {
					AB9AFBA61D69728200D936FB = {
						CreatedOnToolsVersion = 7.3.1;
					};
				};
			};
			buildConfigurationList = AB9AFBA21D69728200D936FB /* Build configuration list for PBXProject "LCD_AdsView" */;
			compatibilityVersion = "Xcode 3.2";
			developmentRegion = English;
			hasScannedForEncodings = 0;
			knownRegions = (
				en,
				Base,
			);
			mainGroup = AB9AFB9E1D69728200D936FB;
			productRefGroup = AB9AFBA81D69728200D936FB /* Products */;
			projectDirPath = "";
			projectRoot = "";
			targets = (
				AB9AFBA61D69728200D936FB /* LCD_AdsView */,
			);
		};
/* End PBXProject section */

/* Begin PBXResourcesBuildPhase section */
		AB9AFBA51D69728200D936FB /* Resources */ = {
			isa = PBXResourcesBuildPhase;
			buildActionMask = 2147483647;
			files = (
				AB9AFBB51D69728200D936FB /* LaunchScreen.storyboard in Resources */,
				AB9AFBB21D69728200D936FB /* Assets.xcassets in Resources */,
				AB9AFBB01D69728200D936FB /* Main.storyboard in Resources */,
			);
			runOnlyForDeploymentPostprocessing = 0;
		};
/* End PBXResourcesBuildPhase section */

/* Begin PBXSourcesBuildPhase section */
		AB9AFBA31D69728200D936FB /* Sources */ = {
			isa = PBXSourcesBuildPhase;
			buildActionMask = 2147483647;
			files = (
				AB9AFBAD1D69728200D936FB /* ViewController.swift in Sources */,
				AB9AFBAB1D69728200D936FB /* AppDelegate.swift in Sources */,
			);
			runOnlyForDeploymentPostprocessing = 0;
		};
/* End PBXSourcesBuildPhase section */

/* Begin PBXVariantGroup section */
		AB9AFBAE1D69728200D936FB /* Main.storyboard */ = {
			isa = PBXVariantGroup;
			children = (
				AB9AFBAF1D69728200D936FB /* Base */,
			);
			name = Main.storyboard;
			sourceTree = "<group>";
		};
		AB9AFBB31D69728200D936FB /* LaunchScreen.storyboard */ = {
			isa = PBXVariantGroup;
			children = (
				AB9AFBB41D69728200D936FB /* Base */,
			);
			name = LaunchScreen.storyboard;
			sourceTree = "<group>";
		};
/* End PBXVariantGroup section */

/* Begin XCBuildConfiguration section */
		AB9AFBB71D69728200D936FB /* Debug */ = {
			isa = XCBuildConfiguration;
			buildSettings = {
				ALWAYS_SEARCH_USER_PATHS = NO;
				CLANG_ANALYZER_NONNULL = YES;
				CLANG_CXX_LANGUAGE_STANDARD = "gnu++0x";
				CLANG_CXX_LIBRARY = "libc++";
				CLANG_ENABLE_MODULES = YES;
				CLANG_ENABLE_OBJC_ARC = YES;
				CLANG_WARN_BOOL_CONVERSION = YES;
				CLANG_WARN_CONSTANT_CONVERSION = YES;
				CLANG_WARN_DIRECT_OBJC_ISA_USAGE = YES_ERROR;
				CLANG_WARN_EMPTY_BODY = YES;
				CLANG_WARN_ENUM_CONVERSION = YES;
				CLANG_WARN_INT_CONVERSION = YES;
				CLANG_WARN_OBJC_ROOT_CLASS = YES_ERROR;
				CLANG_WARN_UNREACHABLE_CODE = YES;
				CLANG_WARN__DUPLICATE_METHOD_MATCH = YES;
				"CODE_SIGN_IDENTITY[sdk=iphoneos*]" = "iPhone Developer";
				COPY_PHASE_STRIP = NO;
				DEBUG_INFORMATION_FORMAT = dwarf;
				ENABLE_STRICT_OBJC_MSGSEND = YES;
				ENABLE_TESTABILITY = YES;
				GCC_C_LANGUAGE_STANDARD = gnu99;
				GCC_DYNAMIC_NO_PIC = NO;
				GCC_NO_COMMON_BLOCKS = YES;
				GCC_OPTIMIZATION_LEVEL = 0;
				GCC_PREPROCESSOR_DEFINITIONS = (
					"DEBUG=1",
					"$(inherited)",
				);
				GCC_WARN_64_TO_32_BIT_CONVERSION = YES;
				GCC_WARN_ABOUT_RETURN_TYPE = YES_ERROR;
				GCC_WARN_UNDECLARED_SELECTOR = YES;
				GCC_WARN_UNINITIALIZED_AUTOS = YES_AGGRESSIVE;
				GCC_WARN_UNUSED_FUNCTION = YES;
				GCC_WARN_UNUSED_VARIABLE = YES;
				IPHONEOS_DEPLOYMENT_TARGET = 9.3;
				MTL_ENABLE_DEBUG_INFO = YES;
				ONLY_ACTIVE_ARCH = YES;
				SDKROOT = iphoneos;
				SWIFT_OPTIMIZATION_LEVEL = "-Onone";
				TARGETED_DEVICE_FAMILY = "1,2";
			};
			name = Debug;
		};
		AB9AFBB81D69728200D936FB /* Release */ = {
			isa = XCBuildConfiguration;
			buildSettings = {
				ALWAYS_SEARCH_USER_PATHS = NO;
				CLANG_ANALYZER_NONNULL = YES;
				CLANG_CXX_LANGUAGE_STANDARD = "gnu++0x";
				CLANG_CXX_LIBRARY = "libc++";
				CLANG_ENABLE_MODULES = YES;
				CLANG_ENABLE_OBJC_ARC = YES;
				CLANG_WARN_BOOL_CONVERSION = YES;
				CLANG_WARN_CONSTANT_CONVERSION = YES;
				CLANG_WARN_DIRECT_OBJC_ISA_USAGE = YES_ERROR;
				CLANG_WARN_EMPTY_BODY = YES;
				CLANG_WARN_ENUM_CONVERSION = YES;
				CLANG_WARN_INT_CONVERSION = YES;
				CLANG_WARN_OBJC_ROOT_CLASS = YES_ERROR;
				CLANG_WARN_UNREACHABLE_CODE = YES;
				CLANG_WARN__DUPLICATE_METHOD_MATCH = YES;
				"CODE_SIGN_IDENTITY[sdk=iphoneos*]" = "iPhone Developer";
				COPY_PHASE_STRIP = NO;
				DEBUG_INFORMATION_FORMAT = "dwarf-with-dsym";
				ENABLE_NS_ASSERTIONS = NO;
				ENABLE_STRICT_OBJC_MSGSEND = YES;
				GCC_C_LANGUAGE_STANDARD = gnu99;
				GCC_NO_COMMON_BLOCKS = YES;
				GCC_WARN_64_TO_32_BIT_CONVERSION = YES;
				GCC_WARN_ABOUT_RETURN_TYPE = YES_ERROR;
				GCC_WARN_UNDECLARED_SELECTOR = YES;
				GCC_WARN_UNINITIALIZED_AUTOS = YES_AGGRESSIVE;
				GCC_WARN_UNUSED_FUNCTION = YES;
				GCC_WARN_UNUSED_VARIABLE = YES;
				IPHONEOS_DEPLOYMENT_TARGET = 9.3;
				MTL_ENABLE_DEBUG_INFO = NO;
				SDKROOT = iphoneos;
				TARGETED_DEVICE_FAMILY = "1,2";
				VALIDATE_PRODUCT = YES;
			};
			name = Release;
		};
		AB9AFBBA1D69728200D936FB /* Debug */ = {
			isa = XCBuildConfiguration;
			buildSettings = {
				ASSETCATALOG_COMPILER_APPICON_NAME = AppIcon;
				INFOPLIST_FILE = LCD_AdsView/Info.plist;
				LD_RUNPATH_SEARCH_PATHS = "$(inherited) @executable_path/Frameworks";
				PRODUCT_BUNDLE_IDENTIFIER = "sifenzi.LCD-AdsView";
				PRODUCT_NAME = "$(TARGET_NAME)";
			};
			name = Debug;
		};
		AB9AFBBB1D69728200D936FB /* Release */ = {
			isa = XCBuildConfiguration;
			buildSettings = {
				ASSETCATALOG_COMPILER_APPICON_NAME = AppIcon;
				INFOPLIST_FILE = LCD_AdsView/Info.plist;
				LD_RUNPATH_SEARCH_PATHS = "$(inherited) @executable_path/Frameworks";
				PRODUCT_BUNDLE_IDENTIFIER = "sifenzi.LCD-AdsView";
				PRODUCT_NAME = "$(TARGET_NAME)";
			};
			name = Release;
		};
/* End XCBuildConfiguration section */

/* Begin XCConfigurationList section */
		AB9AFBA21D69728200D936FB /* Build configuration list for PBXProject "LCD_AdsView" */ = {
			isa = XCConfigurationList;
			buildConfigurations = (
				AB9AFBB71D69728200D936FB /* Debug */,
				AB9AFBB81D69728200D936FB /* Release */,
			);
			defaultConfigurationIsVisible = 0;
			defaultConfigurationName = Release;
		};
		AB9AFBB91D69728200D936FB /* Build configuration list for PBXNativeTarget "LCD_AdsView" */ = {
			isa = XCConfigurationList;
			buildConfigurations = (
				AB9AFBBA1D69728200D936FB /* Debug */,
				AB9AFBBB1D69728200D936FB /* Release */,
			);
			defaultConfigurationIsVisible = 0;
		};
/* End XCConfigurationList section */
	};
	rootObject = AB9AFB9F1D69728200D936FB /* Project object */;
}
